// !$*UTF8*$!
{
	archiveVersion = 1;
	classes = {
	};
	objectVersion = 46;
	objects = {

/* Begin PBXBuildFile section */
		04059FEA1872027500BA6557 /* SDL2.framework in Frameworks */ = {isa = PBXBuildFile; fileRef = 04A57D861872012D0068B1E5 /* SDL2.framework */; };
		04059FEB1872027B00BA6557 /* liboxygine_macosx.a in Frameworks */ = {isa = PBXBuildFile; fileRef = 04059FE41872026200BA6557 /* liboxygine_macosx.a */; };
		04059FED187202A200BA6557 /* libz.dylib in Frameworks */ = {isa = PBXBuildFile; fileRef = 04059FEC187202A200BA6557 /* libz.dylib */; };
		04059FEF187202AC00BA6557 /* OpenGL.framework in Frameworks */ = {isa = PBXBuildFile; fileRef = 04059FEE187202AC00BA6557 /* OpenGL.framework */; };
		0405A00018720D2200BA6557 /* libjpeg.a in Frameworks */ = {isa = PBXBuildFile; fileRef = 04059FF01872031A00BA6557 /* libjpeg.a */; };
		0405A00118720D2200BA6557 /* libpng.a in Frameworks */ = {isa = PBXBuildFile; fileRef = 04059FF11872031A00BA6557 /* libpng.a */; };
		049B57321871FBE900EF3C66 /* Cocoa.framework in Frameworks */ = {isa = PBXBuildFile; fileRef = 049B57311871FBE900EF3C66 /* Cocoa.framework */; };
		049B574A1871FBE900EF3C66 /* Images.xcassets in Resources */ = {isa = PBXBuildFile; fileRef = 049B57491871FBE900EF3C66 /* Images.xcassets */; };
		2DC477AC10D6C07B3FE008F6 /* example.cpp in Sources */ = {isa = PBXBuildFile; fileRef = 360377333740D8A2FD15BBE6 /* example.cpp */; };
		4F389F7921824DF900A08723 /* spine.cpp in Sources */ = {isa = PBXBuildFile; fileRef = 4F389F7721824DF900A08723 /* spine.cpp */; };
		4F389FB821824E1B00A08723 /* PathConstraintPositionTimeline.cpp in Sources */ = {isa = PBXBuildFile; fileRef = 4F389F7B21824E1800A08723 /* PathConstraintPositionTimeline.cpp */; };
		4F389FB921824E1B00A08723 /* CurveTimeline.cpp in Sources */ = {isa = PBXBuildFile; fileRef = 4F389F7C21824E1800A08723 /* CurveTimeline.cpp */; };
		4F389FBA21824E1B00A08723 /* Extension.cpp in Sources */ = {isa = PBXBuildFile; fileRef = 4F389F7D21824E1800A08723 /* Extension.cpp */; };
		4F389FBB21824E1B00A08723 /* Timeline.cpp in Sources */ = {isa = PBXBuildFile; fileRef = 4F389F7E21824E1800A08723 /* Timeline.cpp */; };
		4F389FBC21824E1B00A08723 /* DeformTimeline.cpp in Sources */ = {isa = PBXBuildFile; fileRef = 4F389F7F21824E1800A08723 /* DeformTimeline.cpp */; };
		4F389FBD21824E1B00A08723 /* TwoColorTimeline.cpp in Sources */ = {isa = PBXBuildFile; fileRef = 4F389F8021824E1800A08723 /* TwoColorTimeline.cpp */; };
		4F389FBE21824E1B00A08723 /* Updatable.cpp in Sources */ = {isa = PBXBuildFile; fileRef = 4F389F8121824E1800A08723 /* Updatable.cpp */; };
		4F389FBF21824E1B00A08723 /* Event.cpp in Sources */ = {isa = PBXBuildFile; fileRef = 4F389F8221824E1800A08723 /* Event.cpp */; };
		4F389FC021824E1B00A08723 /* RTTI.cpp in Sources */ = {isa = PBXBuildFile; fileRef = 4F389F8321824E1800A08723 /* RTTI.cpp */; };
		4F389FC121824E1B00A08723 /* AttachmentLoader.cpp in Sources */ = {isa = PBXBuildFile; fileRef = 4F389F8421824E1800A08723 /* AttachmentLoader.cpp */; };
		4F389FC221824E1B00A08723 /* TransformConstraintTimeline.cpp in Sources */ = {isa = PBXBuildFile; fileRef = 4F389F8521824E1800A08723 /* TransformConstraintTimeline.cpp */; };
		4F389FC321824E1B00A08723 /* EventData.cpp in Sources */ = {isa = PBXBuildFile; fileRef = 4F389F8621824E1800A08723 /* EventData.cpp */; };
		4F389FC421824E1B00A08723 /* SkeletonBinary.cpp in Sources */ = {isa = PBXBuildFile; fileRef = 4F389F8721824E1800A08723 /* SkeletonBinary.cpp */; };
		4F389FC521824E1B00A08723 /* TranslateTimeline.cpp in Sources */ = {isa = PBXBuildFile; fileRef = 4F389F8821824E1800A08723 /* TranslateTimeline.cpp */; };
		4F389FC621824E1B00A08723 /* Skeleton.cpp in Sources */ = {isa = PBXBuildFile; fileRef = 4F389F8921824E1800A08723 /* Skeleton.cpp */; };
		4F389FC721824E1B00A08723 /* ScaleTimeline.cpp in Sources */ = {isa = PBXBuildFile; fileRef = 4F389F8A21824E1800A08723 /* ScaleTimeline.cpp */; };
		4F389FC821824E1B00A08723 /* TransformConstraint.cpp in Sources */ = {isa = PBXBuildFile; fileRef = 4F389F8B21824E1800A08723 /* TransformConstraint.cpp */; };
		4F389FC921824E1B00A08723 /* Json.cpp in Sources */ = {isa = PBXBuildFile; fileRef = 4F389F8C21824E1800A08723 /* Json.cpp */; };
		4F389FCA21824E1B00A08723 /* Animation.cpp in Sources */ = {isa = PBXBuildFile; fileRef = 4F389F8D21824E1800A08723 /* Animation.cpp */; };
		4F389FCB21824E1B00A08723 /* MathUtil.cpp in Sources */ = {isa = PBXBuildFile; fileRef = 4F389F8E21824E1800A08723 /* MathUtil.cpp */; };
		4F389FCC21824E1B00A08723 /* TextureLoader.cpp in Sources */ = {isa = PBXBuildFile; fileRef = 4F389F8F21824E1800A08723 /* TextureLoader.cpp */; };
		4F389FCD21824E1B00A08723 /* TransformConstraintData.cpp in Sources */ = {isa = PBXBuildFile; fileRef = 4F389F9021824E1900A08723 /* TransformConstraintData.cpp */; };
		4F389FCE21824E1B00A08723 /* SlotData.cpp in Sources */ = {isa = PBXBuildFile; fileRef = 4F389F9121824E1900A08723 /* SlotData.cpp */; };
		4F389FCF21824E1B00A08723 /* SkeletonJson.cpp in Sources */ = {isa = PBXBuildFile; fileRef = 4F389F9221824E1900A08723 /* SkeletonJson.cpp */; };
		4F389FD021824E1B00A08723 /* EventTimeline.cpp in Sources */ = {isa = PBXBuildFile; fileRef = 4F389F9321824E1900A08723 /* EventTimeline.cpp */; };
		4F389FD121824E1B00A08723 /* Atlas.cpp in Sources */ = {isa = PBXBuildFile; fileRef = 4F389F9421824E1900A08723 /* Atlas.cpp */; };
		4F389FD221824E1B00A08723 /* Skin.cpp in Sources */ = {isa = PBXBuildFile; fileRef = 4F389F9521824E1900A08723 /* Skin.cpp */; };
		4F389FD321824E1B00A08723 /* VertexEffect.cpp in Sources */ = {isa = PBXBuildFile; fileRef = 4F389F9621824E1900A08723 /* VertexEffect.cpp */; };
		4F389FD421824E1B00A08723 /* AnimationState.cpp in Sources */ = {isa = PBXBuildFile; fileRef = 4F389F9721824E1900A08723 /* AnimationState.cpp */; };
		4F389FD521824E1B00A08723 /* IkConstraintTimeline.cpp in Sources */ = {isa = PBXBuildFile; fileRef = 4F389F9821824E1900A08723 /* IkConstraintTimeline.cpp */; };
		4F389FD621824E1B00A08723 /* VertexAttachment.cpp in Sources */ = {isa = PBXBuildFile; fileRef = 4F389F9921824E1900A08723 /* VertexAttachment.cpp */; };
		4F389FD721824E1B00A08723 /* IkConstraintData.cpp in Sources */ = {isa = PBXBuildFile; fileRef = 4F389F9A21824E1900A08723 /* IkConstraintData.cpp */; };
		4F389FD821824E1B00A08723 /* DrawOrderTimeline.cpp in Sources */ = {isa = PBXBuildFile; fileRef = 4F389F9B21824E1900A08723 /* DrawOrderTimeline.cpp */; };
		4F389FD921824E1B00A08723 /* AnimationStateData.cpp in Sources */ = {isa = PBXBuildFile; fileRef = 4F389F9C21824E1900A08723 /* AnimationStateData.cpp */; };
		4F389FDA21824E1B00A08723 /* SkeletonClipping.cpp in Sources */ = {isa = PBXBuildFile; fileRef = 4F389F9D21824E1900A08723 /* SkeletonClipping.cpp */; };
		4F389FDB21824E1B00A08723 /* Triangulator.cpp in Sources */ = {isa = PBXBuildFile; fileRef = 4F389F9E21824E1900A08723 /* Triangulator.cpp */; };
		4F389FDC21824E1B00A08723 /* Bone.cpp in Sources */ = {isa = PBXBuildFile; fileRef = 4F389F9F21824E1900A08723 /* Bone.cpp */; };
		4F389FDD21824E1B00A08723 /* SkeletonData.cpp in Sources */ = {isa = PBXBuildFile; fileRef = 4F389FA021824E1900A08723 /* SkeletonData.cpp */; };
		4F389FDE21824E1B00A08723 /* PathConstraintSpacingTimeline.cpp in Sources */ = {isa = PBXBuildFile; fileRef = 4F389FA121824E1900A08723 /* PathConstraintSpacingTimeline.cpp */; };
		4F389FDF21824E1B00A08723 /* Constraint.cpp in Sources */ = {isa = PBXBuildFile; fileRef = 4F389FA221824E1A00A08723 /* Constraint.cpp */; };
		4F389FE021824E1B00A08723 /* PathConstraintData.cpp in Sources */ = {isa = PBXBuildFile; fileRef = 4F389FA321824E1A00A08723 /* PathConstraintData.cpp */; };
		4F389FE121824E1B00A08723 /* ClippingAttachment.cpp in Sources */ = {isa = PBXBuildFile; fileRef = 4F389FA421824E1A00A08723 /* ClippingAttachment.cpp */; };
		4F389FE221824E1B00A08723 /* LinkedMesh.cpp in Sources */ = {isa = PBXBuildFile; fileRef = 4F389FA521824E1A00A08723 /* LinkedMesh.cpp */; };
		4F389FE321824E1B00A08723 /* Slot.cpp in Sources */ = {isa = PBXBuildFile; fileRef = 4F389FA621824E1A00A08723 /* Slot.cpp */; };
		4F389FE421824E1B00A08723 /* RotateTimeline.cpp in Sources */ = {isa = PBXBuildFile; fileRef = 4F389FA721824E1A00A08723 /* RotateTimeline.cpp */; };
		4F389FE521824E1B00A08723 /* SkeletonBounds.cpp in Sources */ = {isa = PBXBuildFile; fileRef = 4F389FA821824E1A00A08723 /* SkeletonBounds.cpp */; };
		4F389FE621824E1B00A08723 /* PathConstraintMixTimeline.cpp in Sources */ = {isa = PBXBuildFile; fileRef = 4F389FA921824E1A00A08723 /* PathConstraintMixTimeline.cpp */; };
		4F389FE721824E1B00A08723 /* AtlasAttachmentLoader.cpp in Sources */ = {isa = PBXBuildFile; fileRef = 4F389FAA21824E1A00A08723 /* AtlasAttachmentLoader.cpp */; };
		4F389FE821824E1B00A08723 /* AttachmentTimeline.cpp in Sources */ = {isa = PBXBuildFile; fileRef = 4F389FAB21824E1A00A08723 /* AttachmentTimeline.cpp */; };
		4F389FE921824E1B00A08723 /* MeshAttachment.cpp in Sources */ = {isa = PBXBuildFile; fileRef = 4F389FAC21824E1A00A08723 /* MeshAttachment.cpp */; };
		4F389FEA21824E1B00A08723 /* PathConstraint.cpp in Sources */ = {isa = PBXBuildFile; fileRef = 4F389FAD21824E1A00A08723 /* PathConstraint.cpp */; };
		4F389FEB21824E1B00A08723 /* BoneData.cpp in Sources */ = {isa = PBXBuildFile; fileRef = 4F389FAE21824E1A00A08723 /* BoneData.cpp */; };
		4F389FEC21824E1B00A08723 /* IkConstraint.cpp in Sources */ = {isa = PBXBuildFile; fileRef = 4F389FAF21824E1A00A08723 /* IkConstraint.cpp */; };
		4F389FED21824E1B00A08723 /* Attachment.cpp in Sources */ = {isa = PBXBuildFile; fileRef = 4F389FB021824E1A00A08723 /* Attachment.cpp */; };
		4F389FEE21824E1B00A08723 /* BoundingBoxAttachment.cpp in Sources */ = {isa = PBXBuildFile; fileRef = 4F389FB121824E1A00A08723 /* BoundingBoxAttachment.cpp */; };
		4F389FEF21824E1B00A08723 /* SpineObject.cpp in Sources */ = {isa = PBXBuildFile; fileRef = 4F389FB221824E1A00A08723 /* SpineObject.cpp */; };
		4F389FF021824E1B00A08723 /* PointAttachment.cpp in Sources */ = {isa = PBXBuildFile; fileRef = 4F389FB321824E1B00A08723 /* PointAttachment.cpp */; };
		4F389FF121824E1B00A08723 /* ColorTimeline.cpp in Sources */ = {isa = PBXBuildFile; fileRef = 4F389FB421824E1B00A08723 /* ColorTimeline.cpp */; };
		4F389FF221824E1B00A08723 /* PathAttachment.cpp in Sources */ = {isa = PBXBuildFile; fileRef = 4F389FB521824E1B00A08723 /* PathAttachment.cpp */; };
		4F389FF321824E1B00A08723 /* ShearTimeline.cpp in Sources */ = {isa = PBXBuildFile; fileRef = 4F389FB621824E1B00A08723 /* ShearTimeline.cpp */; };
		4F389FF421824E1B00A08723 /* RegionAttachment.cpp in Sources */ = {isa = PBXBuildFile; fileRef = 4F389FB721824E1B00A08723 /* RegionAttachment.cpp */; };
		4F389FFB21824F9400A08723 /* spine in Resources */ = {isa = PBXBuildFile; fileRef = 4F389FFA21824F9400A08723 /* spine */; };
		DA49ED8903C628BA578C8670 /* main.cpp in Sources */ = {isa = PBXBuildFile; fileRef = 0BF9628FC8D38F9748F0CDEB /* main.cpp */; };
/* End PBXBuildFile section */

/* Begin PBXContainerItemProxy section */
		04059FE31872026200BA6557 /* PBXContainerItemProxy */ = {
			isa = PBXContainerItemProxy;
			containerPortal = 04A57D761871FFEB0068B1E5 /* oxygine_macosx.xcodeproj */;
			proxyType = 2;
			remoteGlobalIDString = 049B52BB1871EDE900EF3C66;
			remoteInfo = oxygine_macosx;
		};
		04059FE81872027200BA6557 /* PBXContainerItemProxy */ = {
			isa = PBXContainerItemProxy;
			containerPortal = 04A57D761871FFEB0068B1E5 /* oxygine_macosx.xcodeproj */;
			proxyType = 1;
			remoteGlobalIDString = 049B52BA1871EDE900EF3C66;
			remoteInfo = oxygine_macosx;
		};
		04A57D851872012D0068B1E5 /* PBXContainerItemProxy */ = {
			isa = PBXContainerItemProxy;
			containerPortal = 04A57D7E1872012A0068B1E5 /* SDL.xcodeproj */;
			proxyType = 2;
			remoteGlobalIDString = BECDF66C0761BA81005FE872;
			remoteInfo = Framework;
		};
		04A57D871872012D0068B1E5 /* PBXContainerItemProxy */ = {
			isa = PBXContainerItemProxy;
			containerPortal = 04A57D7E1872012A0068B1E5 /* SDL.xcodeproj */;
			proxyType = 2;
			remoteGlobalIDString = BECDF6B30761BA81005FE872;
			remoteInfo = "Static Library";
		};
		04A57D891872012D0068B1E5 /* PBXContainerItemProxy */ = {
			isa = PBXContainerItemProxy;
			containerPortal = 04A57D7E1872012A0068B1E5 /* SDL.xcodeproj */;
			proxyType = 2;
			remoteGlobalIDString = DB31407717554B71006C0E22;
			remoteInfo = "Shared Library";
		};
		04A57D8B1872012D0068B1E5 /* PBXContainerItemProxy */ = {
			isa = PBXContainerItemProxy;
			containerPortal = 04A57D7E1872012A0068B1E5 /* SDL.xcodeproj */;
			proxyType = 2;
			remoteGlobalIDString = BECDF6BE0761BA81005FE872;
			remoteInfo = "Standard DMG";
		};
		04A57D8E187201EF0068B1E5 /* PBXContainerItemProxy */ = {
			isa = PBXContainerItemProxy;
			containerPortal = 04A57D7E1872012A0068B1E5 /* SDL.xcodeproj */;
			proxyType = 1;
			remoteGlobalIDString = BECDF5FE0761BA81005FE872;
			remoteInfo = Framework;
		};
/* End PBXContainerItemProxy section */

/* Begin PBXFileReference section */
		04059FEC187202A200BA6557 /* libz.dylib */ = {isa = PBXFileReference; lastKnownFileType = "compiled.mach-o.dylib"; name = libz.dylib; path = usr/lib/libz.dylib; sourceTree = SDKROOT; };
		04059FEE187202AC00BA6557 /* OpenGL.framework */ = {isa = PBXFileReference; lastKnownFileType = wrapper.framework; name = OpenGL.framework; path = System/Library/Frameworks/OpenGL.framework; sourceTree = SDKROOT; };
		04059FF01872031A00BA6557 /* libjpeg.a */ = {isa = PBXFileReference; lastKnownFileType = archive.ar; name = libjpeg.a; path = "../../../../oxygine-framework//oxygine/third_party/macosx/libraries/libjpeg.a"; sourceTree = "<group>"; };
		04059FF11872031A00BA6557 /* libpng.a */ = {isa = PBXFileReference; lastKnownFileType = archive.ar; name = libpng.a; path = "../../../../oxygine-framework//oxygine/third_party/macosx/libraries/libpng.a"; sourceTree = "<group>"; };
		04059FF4187203A600BA6557 /* libjpeg.a */ = {isa = PBXFileReference; lastKnownFileType = archive.ar; name = libjpeg.a; path = "../../../../oxygine-framework//oxygine/third_party/ios/libraries/libjpeg.a"; sourceTree = "<group>"; };
		04059FF5187203A600BA6557 /* libpng.a */ = {isa = PBXFileReference; lastKnownFileType = archive.ar; name = libpng.a; path = "../../../../oxygine-framework//oxygine/third_party/ios/libraries/libpng.a"; sourceTree = "<group>"; };
		049B572E1871FBE900EF3C66 /* HelloSpine_macosx.app */ = {isa = PBXFileReference; explicitFileType = wrapper.application; includeInIndex = 0; path = HelloSpine_macosx.app; sourceTree = BUILT_PRODUCTS_DIR; };
		049B57311871FBE900EF3C66 /* Cocoa.framework */ = {isa = PBXFileReference; lastKnownFileType = wrapper.framework; name = Cocoa.framework; path = System/Library/Frameworks/Cocoa.framework; sourceTree = SDKROOT; };
		049B57341871FBE900EF3C66 /* AppKit.framework */ = {isa = PBXFileReference; lastKnownFileType = wrapper.framework; name = AppKit.framework; path = System/Library/Frameworks/AppKit.framework; sourceTree = SDKROOT; };
		049B57351871FBE900EF3C66 /* CoreData.framework */ = {isa = PBXFileReference; lastKnownFileType = wrapper.framework; name = CoreData.framework; path = System/Library/Frameworks/CoreData.framework; sourceTree = SDKROOT; };
		049B57361871FBE900EF3C66 /* Foundation.framework */ = {isa = PBXFileReference; lastKnownFileType = wrapper.framework; name = Foundation.framework; path = System/Library/Frameworks/Foundation.framework; sourceTree = SDKROOT; };
		049B57391871FBE900EF3C66 /* HelloSpine_macosx-Info.plist */ = {isa = PBXFileReference; lastKnownFileType = text.plist.xml; path = "HelloSpine_macosx-Info.plist"; sourceTree = "<group>"; };
		049B57491871FBE900EF3C66 /* Images.xcassets */ = {isa = PBXFileReference; lastKnownFileType = folder.assetcatalog; name = Images.xcassets; path = HelloSpine/Images.xcassets; sourceTree = "<group>"; };
		049B57501871FBE900EF3C66 /* XCTest.framework */ = {isa = PBXFileReference; lastKnownFileType = wrapper.framework; name = XCTest.framework; path = Library/Frameworks/XCTest.framework; sourceTree = DEVELOPER_DIR; };
		04A57D761871FFEB0068B1E5 /* oxygine_macosx.xcodeproj */ = {isa = PBXFileReference; lastKnownFileType = "wrapper.pb-project"; name = oxygine_macosx.xcodeproj; path = "../../../../oxygine-framework//oxygine/SDL/macosx/oxygine_macosx/oxygine_macosx.xcodeproj"; sourceTree = "<group>"; };
		04A57D7E1872012A0068B1E5 /* SDL.xcodeproj */ = {isa = PBXFileReference; lastKnownFileType = "wrapper.pb-project"; name = SDL.xcodeproj; path = "../../../..//SDL/Xcode/SDL/SDL.xcodeproj"; sourceTree = "<group>"; };
		0BF9628FC8D38F9748F0CDEB /* main.cpp */ = {isa = PBXFileReference; fileEncoding = 4; lastKnownFileType = sourcecode.cpp.cpp; name = main.cpp; path = ../src/main.cpp; sourceTree = "<group>"; };
		360377333740D8A2FD15BBE6 /* example.cpp */ = {isa = PBXFileReference; fileEncoding = 4; lastKnownFileType = sourcecode.cpp.cpp; name = example.cpp; path = ../src/example.cpp; sourceTree = "<group>"; };
		4F389F7721824DF900A08723 /* spine.cpp */ = {isa = PBXFileReference; fileEncoding = 4; lastKnownFileType = sourcecode.cpp.cpp; name = spine.cpp; path = "../../../../src/oxygine-spine/spine.cpp"; sourceTree = "<group>"; };
		4F389F7821824DF900A08723 /* spine.h */ = {isa = PBXFileReference; fileEncoding = 4; lastKnownFileType = sourcecode.c.h; name = spine.h; path = "../../../../src/oxygine-spine/spine.h"; sourceTree = "<group>"; };
		4F389F7B21824E1800A08723 /* PathConstraintPositionTimeline.cpp */ = {isa = PBXFileReference; fileEncoding = 4; lastKnownFileType = sourcecode.cpp.cpp; name = PathConstraintPositionTimeline.cpp; path = ../../../../../dependencies/spine/src/spine/PathConstraintPositionTimeline.cpp; sourceTree = "<group>"; };
		4F389F7C21824E1800A08723 /* CurveTimeline.cpp */ = {isa = PBXFileReference; fileEncoding = 4; lastKnownFileType = sourcecode.cpp.cpp; name = CurveTimeline.cpp; path = ../../../../../dependencies/spine/src/spine/CurveTimeline.cpp; sourceTree = "<group>"; };
		4F389F7D21824E1800A08723 /* Extension.cpp */ = {isa = PBXFileReference; fileEncoding = 4; lastKnownFileType = sourcecode.cpp.cpp; name = Extension.cpp; path = ../../../../../dependencies/spine/src/spine/Extension.cpp; sourceTree = "<group>"; };
		4F389F7E21824E1800A08723 /* Timeline.cpp */ = {isa = PBXFileReference; fileEncoding = 4; lastKnownFileType = sourcecode.cpp.cpp; name = Timeline.cpp; path = ../../../../../dependencies/spine/src/spine/Timeline.cpp; sourceTree = "<group>"; };
		4F389F7F21824E1800A08723 /* DeformTimeline.cpp */ = {isa = PBXFileReference; fileEncoding = 4; lastKnownFileType = sourcecode.cpp.cpp; name = DeformTimeline.cpp; path = ../../../../../dependencies/spine/src/spine/DeformTimeline.cpp; sourceTree = "<group>"; };
		4F389F8021824E1800A08723 /* TwoColorTimeline.cpp */ = {isa = PBXFileReference; fileEncoding = 4; lastKnownFileType = sourcecode.cpp.cpp; name = TwoColorTimeline.cpp; path = ../../../../../dependencies/spine/src/spine/TwoColorTimeline.cpp; sourceTree = "<group>"; };
		4F389F8121824E1800A08723 /* Updatable.cpp */ = {isa = PBXFileReference; fileEncoding = 4; lastKnownFileType = sourcecode.cpp.cpp; name = Updatable.cpp; path = ../../../../../dependencies/spine/src/spine/Updatable.cpp; sourceTree = "<group>"; };
		4F389F8221824E1800A08723 /* Event.cpp */ = {isa = PBXFileReference; fileEncoding = 4; lastKnownFileType = sourcecode.cpp.cpp; name = Event.cpp; path = ../../../../../dependencies/spine/src/spine/Event.cpp; sourceTree = "<group>"; };
		4F389F8321824E1800A08723 /* RTTI.cpp */ = {isa = PBXFileReference; fileEncoding = 4; lastKnownFileType = sourcecode.cpp.cpp; name = RTTI.cpp; path = ../../../../../dependencies/spine/src/spine/RTTI.cpp; sourceTree = "<group>"; };
		4F389F8421824E1800A08723 /* AttachmentLoader.cpp */ = {isa = PBXFileReference; fileEncoding = 4; lastKnownFileType = sourcecode.cpp.cpp; name = AttachmentLoader.cpp; path = ../../../../../dependencies/spine/src/spine/AttachmentLoader.cpp; sourceTree = "<group>"; };
		4F389F8521824E1800A08723 /* TransformConstraintTimeline.cpp */ = {isa = PBXFileReference; fileEncoding = 4; lastKnownFileType = sourcecode.cpp.cpp; name = TransformConstraintTimeline.cpp; path = ../../../../../dependencies/spine/src/spine/TransformConstraintTimeline.cpp; sourceTree = "<group>"; };
		4F389F8621824E1800A08723 /* EventData.cpp */ = {isa = PBXFileReference; fileEncoding = 4; lastKnownFileType = sourcecode.cpp.cpp; name = EventData.cpp; path = ../../../../../dependencies/spine/src/spine/EventData.cpp; sourceTree = "<group>"; };
		4F389F8721824E1800A08723 /* SkeletonBinary.cpp */ = {isa = PBXFileReference; fileEncoding = 4; lastKnownFileType = sourcecode.cpp.cpp; name = SkeletonBinary.cpp; path = ../../../../../dependencies/spine/src/spine/SkeletonBinary.cpp; sourceTree = "<group>"; };
		4F389F8821824E1800A08723 /* TranslateTimeline.cpp */ = {isa = PBXFileReference; fileEncoding = 4; lastKnownFileType = sourcecode.cpp.cpp; name = TranslateTimeline.cpp; path = ../../../../../dependencies/spine/src/spine/TranslateTimeline.cpp; sourceTree = "<group>"; };
		4F389F8921824E1800A08723 /* Skeleton.cpp */ = {isa = PBXFileReference; fileEncoding = 4; lastKnownFileType = sourcecode.cpp.cpp; name = Skeleton.cpp; path = ../../../../../dependencies/spine/src/spine/Skeleton.cpp; sourceTree = "<group>"; };
		4F389F8A21824E1800A08723 /* ScaleTimeline.cpp */ = {isa = PBXFileReference; fileEncoding = 4; lastKnownFileType = sourcecode.cpp.cpp; name = ScaleTimeline.cpp; path = ../../../../../dependencies/spine/src/spine/ScaleTimeline.cpp; sourceTree = "<group>"; };
		4F389F8B21824E1800A08723 /* TransformConstraint.cpp */ = {isa = PBXFileReference; fileEncoding = 4; lastKnownFileType = sourcecode.cpp.cpp; name = TransformConstraint.cpp; path = ../../../../../dependencies/spine/src/spine/TransformConstraint.cpp; sourceTree = "<group>"; };
		4F389F8C21824E1800A08723 /* Json.cpp */ = {isa = PBXFileReference; fileEncoding = 4; lastKnownFileType = sourcecode.cpp.cpp; name = Json.cpp; path = ../../../../../dependencies/spine/src/spine/Json.cpp; sourceTree = "<group>"; };
		4F389F8D21824E1800A08723 /* Animation.cpp */ = {isa = PBXFileReference; fileEncoding = 4; lastKnownFileType = sourcecode.cpp.cpp; name = Animation.cpp; path = ../../../../../dependencies/spine/src/spine/Animation.cpp; sourceTree = "<group>"; };
		4F389F8E21824E1800A08723 /* MathUtil.cpp */ = {isa = PBXFileReference; fileEncoding = 4; lastKnownFileType = sourcecode.cpp.cpp; name = MathUtil.cpp; path = ../../../../../dependencies/spine/src/spine/MathUtil.cpp; sourceTree = "<group>"; };
		4F389F8F21824E1800A08723 /* TextureLoader.cpp */ = {isa = PBXFileReference; fileEncoding = 4; lastKnownFileType = sourcecode.cpp.cpp; name = TextureLoader.cpp; path = ../../../../../dependencies/spine/src/spine/TextureLoader.cpp; sourceTree = "<group>"; };
		4F389F9021824E1900A08723 /* TransformConstraintData.cpp */ = {isa = PBXFileReference; fileEncoding = 4; lastKnownFileType = sourcecode.cpp.cpp; name = TransformConstraintData.cpp; path = ../../../../../dependencies/spine/src/spine/TransformConstraintData.cpp; sourceTree = "<group>"; };
		4F389F9121824E1900A08723 /* SlotData.cpp */ = {isa = PBXFileReference; fileEncoding = 4; lastKnownFileType = sourcecode.cpp.cpp; name = SlotData.cpp; path = ../../../../../dependencies/spine/src/spine/SlotData.cpp; sourceTree = "<group>"; };
		4F389F9221824E1900A08723 /* SkeletonJson.cpp */ = {isa = PBXFileReference; fileEncoding = 4; lastKnownFileType = sourcecode.cpp.cpp; name = SkeletonJson.cpp; path = ../../../../../dependencies/spine/src/spine/SkeletonJson.cpp; sourceTree = "<group>"; };
		4F389F9321824E1900A08723 /* EventTimeline.cpp */ = {isa = PBXFileReference; fileEncoding = 4; lastKnownFileType = sourcecode.cpp.cpp; name = EventTimeline.cpp; path = ../../../../../dependencies/spine/src/spine/EventTimeline.cpp; sourceTree = "<group>"; };
		4F389F9421824E1900A08723 /* Atlas.cpp */ = {isa = PBXFileReference; fileEncoding = 4; lastKnownFileType = sourcecode.cpp.cpp; name = Atlas.cpp; path = ../../../../../dependencies/spine/src/spine/Atlas.cpp; sourceTree = "<group>"; };
		4F389F9521824E1900A08723 /* Skin.cpp */ = {isa = PBXFileReference; fileEncoding = 4; lastKnownFileType = sourcecode.cpp.cpp; name = Skin.cpp; path = ../../../../../dependencies/spine/src/spine/Skin.cpp; sourceTree = "<group>"; };
		4F389F9621824E1900A08723 /* VertexEffect.cpp */ = {isa = PBXFileReference; fileEncoding = 4; lastKnownFileType = sourcecode.cpp.cpp; name = VertexEffect.cpp; path = ../../../../../dependencies/spine/src/spine/VertexEffect.cpp; sourceTree = "<group>"; };
		4F389F9721824E1900A08723 /* AnimationState.cpp */ = {isa = PBXFileReference; fileEncoding = 4; lastKnownFileType = sourcecode.cpp.cpp; name = AnimationState.cpp; path = ../../../../../dependencies/spine/src/spine/AnimationState.cpp; sourceTree = "<group>"; };
		4F389F9821824E1900A08723 /* IkConstraintTimeline.cpp */ = {isa = PBXFileReference; fileEncoding = 4; lastKnownFileType = sourcecode.cpp.cpp; name = IkConstraintTimeline.cpp; path = ../../../../../dependencies/spine/src/spine/IkConstraintTimeline.cpp; sourceTree = "<group>"; };
		4F389F9921824E1900A08723 /* VertexAttachment.cpp */ = {isa = PBXFileReference; fileEncoding = 4; lastKnownFileType = sourcecode.cpp.cpp; name = VertexAttachment.cpp; path = ../../../../../dependencies/spine/src/spine/VertexAttachment.cpp; sourceTree = "<group>"; };
		4F389F9A21824E1900A08723 /* IkConstraintData.cpp */ = {isa = PBXFileReference; fileEncoding = 4; lastKnownFileType = sourcecode.cpp.cpp; name = IkConstraintData.cpp; path = ../../../../../dependencies/spine/src/spine/IkConstraintData.cpp; sourceTree = "<group>"; };
		4F389F9B21824E1900A08723 /* DrawOrderTimeline.cpp */ = {isa = PBXFileReference; fileEncoding = 4; lastKnownFileType = sourcecode.cpp.cpp; name = DrawOrderTimeline.cpp; path = ../../../../../dependencies/spine/src/spine/DrawOrderTimeline.cpp; sourceTree = "<group>"; };
		4F389F9C21824E1900A08723 /* AnimationStateData.cpp */ = {isa = PBXFileReference; fileEncoding = 4; lastKnownFileType = sourcecode.cpp.cpp; name = AnimationStateData.cpp; path = ../../../../../dependencies/spine/src/spine/AnimationStateData.cpp; sourceTree = "<group>"; };
		4F389F9D21824E1900A08723 /* SkeletonClipping.cpp */ = {isa = PBXFileReference; fileEncoding = 4; lastKnownFileType = sourcecode.cpp.cpp; name = SkeletonClipping.cpp; path = ../../../../../dependencies/spine/src/spine/SkeletonClipping.cpp; sourceTree = "<group>"; };
		4F389F9E21824E1900A08723 /* Triangulator.cpp */ = {isa = PBXFileReference; fileEncoding = 4; lastKnownFileType = sourcecode.cpp.cpp; name = Triangulator.cpp; path = ../../../../../dependencies/spine/src/spine/Triangulator.cpp; sourceTree = "<group>"; };
		4F389F9F21824E1900A08723 /* Bone.cpp */ = {isa = PBXFileReference; fileEncoding = 4; lastKnownFileType = sourcecode.cpp.cpp; name = Bone.cpp; path = ../../../../../dependencies/spine/src/spine/Bone.cpp; sourceTree = "<group>"; };
		4F389FA021824E1900A08723 /* SkeletonData.cpp */ = {isa = PBXFileReference; fileEncoding = 4; lastKnownFileType = sourcecode.cpp.cpp; name = SkeletonData.cpp; path = ../../../../../dependencies/spine/src/spine/SkeletonData.cpp; sourceTree = "<group>"; };
		4F389FA121824E1900A08723 /* PathConstraintSpacingTimeline.cpp */ = {isa = PBXFileReference; fileEncoding = 4; lastKnownFileType = sourcecode.cpp.cpp; name = PathConstraintSpacingTimeline.cpp; path = ../../../../../dependencies/spine/src/spine/PathConstraintSpacingTimeline.cpp; sourceTree = "<group>"; };
		4F389FA221824E1A00A08723 /* Constraint.cpp */ = {isa = PBXFileReference; fileEncoding = 4; lastKnownFileType = sourcecode.cpp.cpp; name = Constraint.cpp; path = ../../../../../dependencies/spine/src/spine/Constraint.cpp; sourceTree = "<group>"; };
		4F389FA321824E1A00A08723 /* PathConstraintData.cpp */ = {isa = PBXFileReference; fileEncoding = 4; lastKnownFileType = sourcecode.cpp.cpp; name = PathConstraintData.cpp; path = ../../../../../dependencies/spine/src/spine/PathConstraintData.cpp; sourceTree = "<group>"; };
		4F389FA421824E1A00A08723 /* ClippingAttachment.cpp */ = {isa = PBXFileReference; fileEncoding = 4; lastKnownFileType = sourcecode.cpp.cpp; name = ClippingAttachment.cpp; path = ../../../../../dependencies/spine/src/spine/ClippingAttachment.cpp; sourceTree = "<group>"; };
		4F389FA521824E1A00A08723 /* LinkedMesh.cpp */ = {isa = PBXFileReference; fileEncoding = 4; lastKnownFileType = sourcecode.cpp.cpp; name = LinkedMesh.cpp; path = ../../../../../dependencies/spine/src/spine/LinkedMesh.cpp; sourceTree = "<group>"; };
		4F389FA621824E1A00A08723 /* Slot.cpp */ = {isa = PBXFileReference; fileEncoding = 4; lastKnownFileType = sourcecode.cpp.cpp; name = Slot.cpp; path = ../../../../../dependencies/spine/src/spine/Slot.cpp; sourceTree = "<group>"; };
		4F389FA721824E1A00A08723 /* RotateTimeline.cpp */ = {isa = PBXFileReference; fileEncoding = 4; lastKnownFileType = sourcecode.cpp.cpp; name = RotateTimeline.cpp; path = ../../../../../dependencies/spine/src/spine/RotateTimeline.cpp; sourceTree = "<group>"; };
		4F389FA821824E1A00A08723 /* SkeletonBounds.cpp */ = {isa = PBXFileReference; fileEncoding = 4; lastKnownFileType = sourcecode.cpp.cpp; name = SkeletonBounds.cpp; path = ../../../../../dependencies/spine/src/spine/SkeletonBounds.cpp; sourceTree = "<group>"; };
		4F389FA921824E1A00A08723 /* PathConstraintMixTimeline.cpp */ = {isa = PBXFileReference; fileEncoding = 4; lastKnownFileType = sourcecode.cpp.cpp; name = PathConstraintMixTimeline.cpp; path = ../../../../../dependencies/spine/src/spine/PathConstraintMixTimeline.cpp; sourceTree = "<group>"; };
		4F389FAA21824E1A00A08723 /* AtlasAttachmentLoader.cpp */ = {isa = PBXFileReference; fileEncoding = 4; lastKnownFileType = sourcecode.cpp.cpp; name = AtlasAttachmentLoader.cpp; path = ../../../../../dependencies/spine/src/spine/AtlasAttachmentLoader.cpp; sourceTree = "<group>"; };
		4F389FAB21824E1A00A08723 /* AttachmentTimeline.cpp */ = {isa = PBXFileReference; fileEncoding = 4; lastKnownFileType = sourcecode.cpp.cpp; name = AttachmentTimeline.cpp; path = ../../../../../dependencies/spine/src/spine/AttachmentTimeline.cpp; sourceTree = "<group>"; };
		4F389FAC21824E1A00A08723 /* MeshAttachment.cpp */ = {isa = PBXFileReference; fileEncoding = 4; lastKnownFileType = sourcecode.cpp.cpp; name = MeshAttachment.cpp; path = ../../../../../dependencies/spine/src/spine/MeshAttachment.cpp; sourceTree = "<group>"; };
		4F389FAD21824E1A00A08723 /* PathConstraint.cpp */ = {isa = PBXFileReference; fileEncoding = 4; lastKnownFileType = sourcecode.cpp.cpp; name = PathConstraint.cpp; path = ../../../../../dependencies/spine/src/spine/PathConstraint.cpp; sourceTree = "<group>"; };
		4F389FAE21824E1A00A08723 /* BoneData.cpp */ = {isa = PBXFileReference; fileEncoding = 4; lastKnownFileType = sourcecode.cpp.cpp; name = BoneData.cpp; path = ../../../../../dependencies/spine/src/spine/BoneData.cpp; sourceTree = "<group>"; };
		4F389FAF21824E1A00A08723 /* IkConstraint.cpp */ = {isa = PBXFileReference; fileEncoding = 4; lastKnownFileType = sourcecode.cpp.cpp; name = IkConstraint.cpp; path = ../../../../../dependencies/spine/src/spine/IkConstraint.cpp; sourceTree = "<group>"; };
		4F389FB021824E1A00A08723 /* Attachment.cpp */ = {isa = PBXFileReference; fileEncoding = 4; lastKnownFileType = sourcecode.cpp.cpp; name = Attachment.cpp; path = ../../../../../dependencies/spine/src/spine/Attachment.cpp; sourceTree = "<group>"; };
		4F389FB121824E1A00A08723 /* BoundingBoxAttachment.cpp */ = {isa = PBXFileReference; fileEncoding = 4; lastKnownFileType = sourcecode.cpp.cpp; name = BoundingBoxAttachment.cpp; path = ../../../../../dependencies/spine/src/spine/BoundingBoxAttachment.cpp; sourceTree = "<group>"; };
		4F389FB221824E1A00A08723 /* SpineObject.cpp */ = {isa = PBXFileReference; fileEncoding = 4; lastKnownFileType = sourcecode.cpp.cpp; name = SpineObject.cpp; path = ../../../../../dependencies/spine/src/spine/SpineObject.cpp; sourceTree = "<group>"; };
		4F389FB321824E1B00A08723 /* PointAttachment.cpp */ = {isa = PBXFileReference; fileEncoding = 4; lastKnownFileType = sourcecode.cpp.cpp; name = PointAttachment.cpp; path = ../../../../../dependencies/spine/src/spine/PointAttachment.cpp; sourceTree = "<group>"; };
		4F389FB421824E1B00A08723 /* ColorTimeline.cpp */ = {isa = PBXFileReference; fileEncoding = 4; lastKnownFileType = sourcecode.cpp.cpp; name = ColorTimeline.cpp; path = ../../../../../dependencies/spine/src/spine/ColorTimeline.cpp; sourceTree = "<group>"; };
		4F389FB521824E1B00A08723 /* PathAttachment.cpp */ = {isa = PBXFileReference; fileEncoding = 4; lastKnownFileType = sourcecode.cpp.cpp; name = PathAttachment.cpp; path = ../../../../../dependencies/spine/src/spine/PathAttachment.cpp; sourceTree = "<group>"; };
		4F389FB621824E1B00A08723 /* ShearTimeline.cpp */ = {isa = PBXFileReference; fileEncoding = 4; lastKnownFileType = sourcecode.cpp.cpp; name = ShearTimeline.cpp; path = ../../../../../dependencies/spine/src/spine/ShearTimeline.cpp; sourceTree = "<group>"; };
		4F389FB721824E1B00A08723 /* RegionAttachment.cpp */ = {isa = PBXFileReference; fileEncoding = 4; lastKnownFileType = sourcecode.cpp.cpp; name = RegionAttachment.cpp; path = ../../../../../dependencies/spine/src/spine/RegionAttachment.cpp; sourceTree = "<group>"; };
		4F389FFA21824F9400A08723 /* spine */ = {isa = PBXFileReference; lastKnownFileType = folder; name = spine; path = ../data/spine; sourceTree = "<group>"; };
		F6123B1E6FE4471A00F49751 /* example.h */ = {isa = PBXFileReference; fileEncoding = 4; lastKnownFileType = sourcecode.c.h; name = example.h; path = ../src/example.h; sourceTree = "<group>"; };
/* End PBXFileReference section */

/* Begin PBXFrameworksBuildPhase section */
		049B572B1871FBE900EF3C66 /* Frameworks */ = {
			isa = PBXFrameworksBuildPhase;
			buildActionMask = 2147483647;
			files = (
				0405A00018720D2200BA6557 /* libjpeg.a in Frameworks */,
				0405A00118720D2200BA6557 /* libpng.a in Frameworks */,
				04059FEF187202AC00BA6557 /* OpenGL.framework in Frameworks */,
				04059FED187202A200BA6557 /* libz.dylib in Frameworks */,
				04059FEB1872027B00BA6557 /* liboxygine_macosx.a in Frameworks */,
				04059FEA1872027500BA6557 /* SDL2.framework in Frameworks */,
				049B57321871FBE900EF3C66 /* Cocoa.framework in Frameworks */,
			);
			runOnlyForDeploymentPostprocessing = 0;
		};
/* End PBXFrameworksBuildPhase section */

/* Begin PBXGroup section */
		04059FE01872026200BA6557 /* Products */ = {
			isa = PBXGroup;
			children = (
				04059FE41872026200BA6557 /* liboxygine_macosx.a */,
			);
			name = Products;
			sourceTree = "<group>";
		};
		049B57251871FBE900EF3C66 = {
			isa = PBXGroup;
			children = (
				4F389F7321824DB800A08723 /* spine */,
				049B57491871FBE900EF3C66 /* Images.xcassets */,
				049B57381871FBE900EF3C66 /* Supporting Files */,
				04A57D391871FF8B0068B1E5 /* src */,
				04A57D7E1872012A0068B1E5 /* SDL.xcodeproj */,
				04A57D761871FFEB0068B1E5 /* oxygine_macosx.xcodeproj */,
				049B57301871FBE900EF3C66 /* Frameworks */,
				049B572F1871FBE900EF3C66 /* Products */,
			);
			sourceTree = "<group>";
		};
		049B572F1871FBE900EF3C66 /* Products */ = {
			isa = PBXGroup;
			children = (
				049B572E1871FBE900EF3C66 /* HelloSpine_macosx.app */,
			);
			name = Products;
			sourceTree = "<group>";
		};
		049B57301871FBE900EF3C66 /* Frameworks */ = {
			isa = PBXGroup;
			children = (
				04059FF4187203A600BA6557 /* libjpeg.a */,
				04059FF5187203A600BA6557 /* libpng.a */,
				04059FF01872031A00BA6557 /* libjpeg.a */,
				04059FF11872031A00BA6557 /* libpng.a */,
				04059FEE187202AC00BA6557 /* OpenGL.framework */,
				04059FEC187202A200BA6557 /* libz.dylib */,
				049B57311871FBE900EF3C66 /* Cocoa.framework */,
				049B57501871FBE900EF3C66 /* XCTest.framework */,
				049B57331871FBE900EF3C66 /* Other Frameworks */,
			);
			name = Frameworks;
			sourceTree = "<group>";
		};
		049B57331871FBE900EF3C66 /* Other Frameworks */ = {
			isa = PBXGroup;
			children = (
				049B57341871FBE900EF3C66 /* AppKit.framework */,
				049B57351871FBE900EF3C66 /* CoreData.framework */,
				049B57361871FBE900EF3C66 /* Foundation.framework */,
			);
			name = "Other Frameworks";
			sourceTree = "<group>";
		};
		049B57381871FBE900EF3C66 /* Supporting Files */ = {
			isa = PBXGroup;
			children = (
				4F389FFA21824F9400A08723 /* spine */,
				049B57391871FBE900EF3C66 /* HelloSpine_macosx-Info.plist */,
			);
			name = "Supporting Files";
			sourceTree = "<group>";
		};
		04A57D391871FF8B0068B1E5 /* src */ = {
			isa = PBXGroup;
			children = (
				360377333740D8A2FD15BBE6 /* example.cpp */,
				0BF9628FC8D38F9748F0CDEB /* main.cpp */,
				F6123B1E6FE4471A00F49751 /* example.h */,
			);
			name = src;
			sourceTree = "<group>";
		};
		04A57D7F1872012A0068B1E5 /* Products */ = {
			isa = PBXGroup;
			children = (
				04A57D861872012D0068B1E5 /* SDL2.framework */,
				04A57D881872012D0068B1E5 /* libSDL2.a */,
				04A57D8A1872012D0068B1E5 /* libSDL2.dylib */,
				04A57D8C1872012D0068B1E5 /* Standard DMG */,
			);
			name = Products;
			sourceTree = "<group>";
		};
		4F389F7321824DB800A08723 /* spine */ = {
			isa = PBXGroup;
			children = (
				4F389F7A21824DFD00A08723 /* lib */,
				4F389F7721824DF900A08723 /* spine.cpp */,
				4F389F7821824DF900A08723 /* spine.h */,
			);
			path = spine;
			sourceTree = "<group>";
		};
		4F389F7A21824DFD00A08723 /* lib */ = {
			isa = PBXGroup;
			children = (
				4F389F8D21824E1800A08723 /* Animation.cpp */,
				4F389F9721824E1900A08723 /* AnimationState.cpp */,
				4F389F9C21824E1900A08723 /* AnimationStateData.cpp */,
				4F389F9421824E1900A08723 /* Atlas.cpp */,
				4F389FAA21824E1A00A08723 /* AtlasAttachmentLoader.cpp */,
				4F389FB021824E1A00A08723 /* Attachment.cpp */,
				4F389F8421824E1800A08723 /* AttachmentLoader.cpp */,
				4F389FAB21824E1A00A08723 /* AttachmentTimeline.cpp */,
				4F389F9F21824E1900A08723 /* Bone.cpp */,
				4F389FAE21824E1A00A08723 /* BoneData.cpp */,
				4F389FB121824E1A00A08723 /* BoundingBoxAttachment.cpp */,
				4F389FA421824E1A00A08723 /* ClippingAttachment.cpp */,
				4F389FB421824E1B00A08723 /* ColorTimeline.cpp */,
				4F389FA221824E1A00A08723 /* Constraint.cpp */,
				4F389F7C21824E1800A08723 /* CurveTimeline.cpp */,
				4F389F7F21824E1800A08723 /* DeformTimeline.cpp */,
				4F389F9B21824E1900A08723 /* DrawOrderTimeline.cpp */,
				4F389F8221824E1800A08723 /* Event.cpp */,
				4F389F8621824E1800A08723 /* EventData.cpp */,
				4F389F9321824E1900A08723 /* EventTimeline.cpp */,
				4F389F7D21824E1800A08723 /* Extension.cpp */,
				4F389FAF21824E1A00A08723 /* IkConstraint.cpp */,
				4F389F9A21824E1900A08723 /* IkConstraintData.cpp */,
				4F389F9821824E1900A08723 /* IkConstraintTimeline.cpp */,
				4F389F8C21824E1800A08723 /* Json.cpp */,
				4F389FA521824E1A00A08723 /* LinkedMesh.cpp */,
				4F389F8E21824E1800A08723 /* MathUtil.cpp */,
				4F389FAC21824E1A00A08723 /* MeshAttachment.cpp */,
				4F389FB521824E1B00A08723 /* PathAttachment.cpp */,
				4F389FAD21824E1A00A08723 /* PathConstraint.cpp */,
				4F389FA321824E1A00A08723 /* PathConstraintData.cpp */,
				4F389FA921824E1A00A08723 /* PathConstraintMixTimeline.cpp */,
				4F389F7B21824E1800A08723 /* PathConstraintPositionTimeline.cpp */,
				4F389FA121824E1900A08723 /* PathConstraintSpacingTimeline.cpp */,
				4F389FB321824E1B00A08723 /* PointAttachment.cpp */,
				4F389FB721824E1B00A08723 /* RegionAttachment.cpp */,
				4F389FA721824E1A00A08723 /* RotateTimeline.cpp */,
				4F389F8321824E1800A08723 /* RTTI.cpp */,
				4F389F8A21824E1800A08723 /* ScaleTimeline.cpp */,
				4F389FB621824E1B00A08723 /* ShearTimeline.cpp */,
				4F389F8921824E1800A08723 /* Skeleton.cpp */,
				4F389F8721824E1800A08723 /* SkeletonBinary.cpp */,
				4F389FA821824E1A00A08723 /* SkeletonBounds.cpp */,
				4F389F9D21824E1900A08723 /* SkeletonClipping.cpp */,
				4F389FA021824E1900A08723 /* SkeletonData.cpp */,
				4F389F9221824E1900A08723 /* SkeletonJson.cpp */,
				4F389F9521824E1900A08723 /* Skin.cpp */,
				4F389FA621824E1A00A08723 /* Slot.cpp */,
				4F389F9121824E1900A08723 /* SlotData.cpp */,
				4F389FB221824E1A00A08723 /* SpineObject.cpp */,
				4F389F8F21824E1800A08723 /* TextureLoader.cpp */,
				4F389F7E21824E1800A08723 /* Timeline.cpp */,
				4F389F8B21824E1800A08723 /* TransformConstraint.cpp */,
				4F389F9021824E1900A08723 /* TransformConstraintData.cpp */,
				4F389F8521824E1800A08723 /* TransformConstraintTimeline.cpp */,
				4F389F8821824E1800A08723 /* TranslateTimeline.cpp */,
				4F389F9E21824E1900A08723 /* Triangulator.cpp */,
				4F389F8021824E1800A08723 /* TwoColorTimeline.cpp */,
				4F389F8121824E1800A08723 /* Updatable.cpp */,
				4F389F9921824E1900A08723 /* VertexAttachment.cpp */,
				4F389F9621824E1900A08723 /* VertexEffect.cpp */,
			);
			path = lib;
			sourceTree = "<group>";
		};
/* End PBXGroup section */

/* Begin PBXNativeTarget section */
		049B572D1871FBE900EF3C66 /* HelloSpine_macosx */ = {
			isa = PBXNativeTarget;
			buildConfigurationList = 049B575F1871FBE900EF3C66 /* Build configuration list for PBXNativeTarget "HelloSpine_macosx" */;
			buildPhases = (
				049B572A1871FBE900EF3C66 /* Sources */,
				049B572B1871FBE900EF3C66 /* Frameworks */,
				049B572C1871FBE900EF3C66 /* Resources */,
			);
			buildRules = (
			);
			dependencies = (
				04059FE91872027200BA6557 /* PBXTargetDependency */,
				04A57D8F187201EF0068B1E5 /* PBXTargetDependency */,
			);
			name = HelloSpine_macosx;
			productName = HelloSpine;
			productReference = 049B572E1871FBE900EF3C66 /* HelloSpine_macosx.app */;
			productType = "com.apple.product-type.application";
		};
/* End PBXNativeTarget section */

/* Begin PBXProject section */
		049B57261871FBE900EF3C66 /* Project object */ = {
			isa = PBXProject;
			attributes = {
				LastUpgradeCheck = 0610;
				ORGANIZATIONNAME = oxygine;
			};
			buildConfigurationList = 049B57291871FBE900EF3C66 /* Build configuration list for PBXProject "HelloSpine_macosx" */;
			compatibilityVersion = "Xcode 3.2";
			developmentRegion = English;
			hasScannedForEncodings = 0;
			knownRegions = (
				en,
				Base,
			);
			mainGroup = 049B57251871FBE900EF3C66;
			productRefGroup = 049B572F1871FBE900EF3C66 /* Products */;
			projectDirPath = "";
			projectReferences = (
				{
					ProductGroup = 04059FE01872026200BA6557 /* Products */;
					ProjectRef = 04A57D761871FFEB0068B1E5 /* oxygine_macosx.xcodeproj */;
				},
				{
					ProductGroup = 04A57D7F1872012A0068B1E5 /* Products */;
					ProjectRef = 04A57D7E1872012A0068B1E5 /* SDL.xcodeproj */;
				},
			);
			projectRoot = "";
			targets = (
				049B572D1871FBE900EF3C66 /* HelloSpine_macosx */,
			);
		};
/* End PBXProject section */

/* Begin PBXReferenceProxy section */
		04059FE41872026200BA6557 /* liboxygine_macosx.a */ = {
			isa = PBXReferenceProxy;
			fileType = archive.ar;
			path = liboxygine_macosx.a;
			remoteRef = 04059FE31872026200BA6557 /* PBXContainerItemProxy */;
			sourceTree = BUILT_PRODUCTS_DIR;
		};
		04A57D861872012D0068B1E5 /* SDL2.framework */ = {
			isa = PBXReferenceProxy;
			fileType = wrapper.framework;
			path = SDL2.framework;
			remoteRef = 04A57D851872012D0068B1E5 /* PBXContainerItemProxy */;
			sourceTree = BUILT_PRODUCTS_DIR;
		};
		04A57D881872012D0068B1E5 /* libSDL2.a */ = {
			isa = PBXReferenceProxy;
			fileType = archive.ar;
			path = libSDL2.a;
			remoteRef = 04A57D871872012D0068B1E5 /* PBXContainerItemProxy */;
			sourceTree = BUILT_PRODUCTS_DIR;
		};
		04A57D8A1872012D0068B1E5 /* libSDL2.dylib */ = {
			isa = PBXReferenceProxy;
			fileType = "compiled.mach-o.dylib";
			path = libSDL2.dylib;
			remoteRef = 04A57D891872012D0068B1E5 /* PBXContainerItemProxy */;
			sourceTree = BUILT_PRODUCTS_DIR;
		};
		04A57D8C1872012D0068B1E5 /* Standard DMG */ = {
			isa = PBXReferenceProxy;
			fileType = "compiled.mach-o.executable";
			path = "Standard DMG";
			remoteRef = 04A57D8B1872012D0068B1E5 /* PBXContainerItemProxy */;
			sourceTree = BUILT_PRODUCTS_DIR;
		};
/* End PBXReferenceProxy section */

/* Begin PBXResourcesBuildPhase section */
		049B572C1871FBE900EF3C66 /* Resources */ = {
			isa = PBXResourcesBuildPhase;
			buildActionMask = 2147483647;
			files = (
				4F389FFB21824F9400A08723 /* spine in Resources */,
				049B574A1871FBE900EF3C66 /* Images.xcassets in Resources */,
			);
			runOnlyForDeploymentPostprocessing = 0;
		};
/* End PBXResourcesBuildPhase section */

/* Begin PBXSourcesBuildPhase section */
		049B572A1871FBE900EF3C66 /* Sources */ = {
			isa = PBXSourcesBuildPhase;
			buildActionMask = 2147483647;
			files = (
				4F389FC621824E1B00A08723 /* Skeleton.cpp in Sources */,
				4F389FC021824E1B00A08723 /* RTTI.cpp in Sources */,
				2DC477AC10D6C07B3FE008F6 /* example.cpp in Sources */,
				4F389FB821824E1B00A08723 /* PathConstraintPositionTimeline.cpp in Sources */,
				4F389FDE21824E1B00A08723 /* PathConstraintSpacingTimeline.cpp in Sources */,
				4F389FD421824E1B00A08723 /* AnimationState.cpp in Sources */,
				4F389FB921824E1B00A08723 /* CurveTimeline.cpp in Sources */,
				4F389FC721824E1B00A08723 /* ScaleTimeline.cpp in Sources */,
				4F389FBB21824E1B00A08723 /* Timeline.cpp in Sources */,
				4F389FD021824E1B00A08723 /* EventTimeline.cpp in Sources */,
				4F389FEF21824E1B00A08723 /* SpineObject.cpp in Sources */,
				4F389FBA21824E1B00A08723 /* Extension.cpp in Sources */,
				4F389FDF21824E1B00A08723 /* Constraint.cpp in Sources */,
				4F389FDD21824E1B00A08723 /* SkeletonData.cpp in Sources */,
				4F389FEA21824E1B00A08723 /* PathConstraint.cpp in Sources */,
				4F389FEE21824E1B00A08723 /* BoundingBoxAttachment.cpp in Sources */,
				4F389FE521824E1B00A08723 /* SkeletonBounds.cpp in Sources */,
				4F389FCF21824E1B00A08723 /* SkeletonJson.cpp in Sources */,
				4F389FC321824E1B00A08723 /* EventData.cpp in Sources */,
				4F389FC521824E1B00A08723 /* TranslateTimeline.cpp in Sources */,
				4F389FCC21824E1B00A08723 /* TextureLoader.cpp in Sources */,
				4F389FCA21824E1B00A08723 /* Animation.cpp in Sources */,
				4F389FD721824E1B00A08723 /* IkConstraintData.cpp in Sources */,
				4F389FDA21824E1B00A08723 /* SkeletonClipping.cpp in Sources */,
				4F389FC221824E1B00A08723 /* TransformConstraintTimeline.cpp in Sources */,
				4F389FBD21824E1B00A08723 /* TwoColorTimeline.cpp in Sources */,
				4F389FCB21824E1B00A08723 /* MathUtil.cpp in Sources */,
				4F389FF021824E1B00A08723 /* PointAttachment.cpp in Sources */,
				4F389FED21824E1B00A08723 /* Attachment.cpp in Sources */,
				4F389FEB21824E1B00A08723 /* BoneData.cpp in Sources */,
				4F389FEC21824E1B00A08723 /* IkConstraint.cpp in Sources */,
				4F389FD621824E1B00A08723 /* VertexAttachment.cpp in Sources */,
				4F389F7921824DF900A08723 /* spine.cpp in Sources */,
				4F389FD521824E1B00A08723 /* IkConstraintTimeline.cpp in Sources */,
				4F389FF121824E1B00A08723 /* ColorTimeline.cpp in Sources */,
				4F389FD921824E1B00A08723 /* AnimationStateData.cpp in Sources */,
				4F389FE021824E1B00A08723 /* PathConstraintData.cpp in Sources */,
				4F389FE621824E1B00A08723 /* PathConstraintMixTimeline.cpp in Sources */,
				DA49ED8903C628BA578C8670 /* main.cpp in Sources */,
				4F389FE221824E1B00A08723 /* LinkedMesh.cpp in Sources */,
				4F389FD321824E1B00A08723 /* VertexEffect.cpp in Sources */,
				4F389FBE21824E1B00A08723 /* Updatable.cpp in Sources */,
				4F389FC921824E1B00A08723 /* Json.cpp in Sources */,
				4F389FE721824E1B00A08723 /* AtlasAttachmentLoader.cpp in Sources */,
				4F389FE921824E1B00A08723 /* MeshAttachment.cpp in Sources */,
				4F389FDB21824E1B00A08723 /* Triangulator.cpp in Sources */,
				4F389FDC21824E1B00A08723 /* Bone.cpp in Sources */,
				4F389FF221824E1B00A08723 /* PathAttachment.cpp in Sources */,
				4F389FE321824E1B00A08723 /* Slot.cpp in Sources */,
				4F389FBC21824E1B00A08723 /* DeformTimeline.cpp in Sources */,
				4F389FF421824E1B00A08723 /* RegionAttachment.cpp in Sources */,
				4F389FD121824E1B00A08723 /* Atlas.cpp in Sources */,
				4F389FC421824E1B00A08723 /* SkeletonBinary.cpp in Sources */,
				4F389FF321824E1B00A08723 /* ShearTimeline.cpp in Sources */,
				4F389FD221824E1B00A08723 /* Skin.cpp in Sources */,
				4F389FE821824E1B00A08723 /* AttachmentTimeline.cpp in Sources */,
				4F389FC821824E1B00A08723 /* TransformConstraint.cpp in Sources */,
				4F389FE421824E1B00A08723 /* RotateTimeline.cpp in Sources */,
				4F389FD821824E1B00A08723 /* DrawOrderTimeline.cpp in Sources */,
				4F389FC121824E1B00A08723 /* AttachmentLoader.cpp in Sources */,
				4F389FCD21824E1B00A08723 /* TransformConstraintData.cpp in Sources */,
				4F389FE121824E1B00A08723 /* ClippingAttachment.cpp in Sources */,
				4F389FBF21824E1B00A08723 /* Event.cpp in Sources */,
				4F389FCE21824E1B00A08723 /* SlotData.cpp in Sources */,
			);
			runOnlyForDeploymentPostprocessing = 0;
		};
/* End PBXSourcesBuildPhase section */

/* Begin PBXTargetDependency section */
		04059FE91872027200BA6557 /* PBXTargetDependency */ = {
			isa = PBXTargetDependency;
			name = oxygine_macosx;
			targetProxy = 04059FE81872027200BA6557 /* PBXContainerItemProxy */;
		};
		04A57D8F187201EF0068B1E5 /* PBXTargetDependency */ = {
			isa = PBXTargetDependency;
			name = Framework;
			targetProxy = 04A57D8E187201EF0068B1E5 /* PBXContainerItemProxy */;
		};
/* End PBXTargetDependency section */

/* Begin XCBuildConfiguration section */
		049B575D1871FBE900EF3C66 /* Debug */ = {
			isa = XCBuildConfiguration;
			buildSettings = {
				ALWAYS_SEARCH_USER_PATHS = NO;
				CLANG_CXX_LANGUAGE_STANDARD = "gnu++0x";
				CLANG_CXX_LIBRARY = "libc++";
				CLANG_ENABLE_OBJC_ARC = NO;
				CLANG_WARN_BOOL_CONVERSION = YES;
				CLANG_WARN_CONSTANT_CONVERSION = YES;
				CLANG_WARN_DIRECT_OBJC_ISA_USAGE = YES_ERROR;
				CLANG_WARN_EMPTY_BODY = YES;
				CLANG_WARN_ENUM_CONVERSION = YES;
				CLANG_WARN_INT_CONVERSION = YES;
				CLANG_WARN_OBJC_ROOT_CLASS = YES_ERROR;
				CLANG_WARN__DUPLICATE_METHOD_MATCH = YES;
				COPY_PHASE_STRIP = NO;
				GCC_C_LANGUAGE_STANDARD = gnu99;
				GCC_DYNAMIC_NO_PIC = NO;
				GCC_ENABLE_OBJC_EXCEPTIONS = YES;
				GCC_INLINES_ARE_PRIVATE_EXTERN = YES;
				GCC_OPTIMIZATION_LEVEL = 0;
				GCC_PREPROCESSOR_DEFINITIONS = (
					"DEBUG=1",
					"$(inherited)",
				);
				GCC_SYMBOLS_PRIVATE_EXTERN = NO;
				GCC_WARN_64_TO_32_BIT_CONVERSION = YES;
				GCC_WARN_ABOUT_RETURN_TYPE = YES_ERROR;
				GCC_WARN_UNDECLARED_SELECTOR = YES;
				GCC_WARN_UNINITIALIZED_AUTOS = YES;
				GCC_WARN_UNUSED_FUNCTION = YES;
				GCC_WARN_UNUSED_VARIABLE = YES;
				MACOSX_DEPLOYMENT_TARGET = 10.8;
				ONLY_ACTIVE_ARCH = YES;
				SDKROOT = macosx;
				SYSTEM_HEADER_SEARCH_PATHS = ../../../dependencies/spine/include;
				USER_HEADER_SEARCH_PATHS = "../../../../oxygine-framework//oxygine/src ../../../..//SDL/include ../../../src";
				VALID_ARCHS = x86_64;
			};
			name = Debug;
		};
		049B575E1871FBE900EF3C66 /* Release */ = {
			isa = XCBuildConfiguration;
			buildSettings = {
				ALWAYS_SEARCH_USER_PATHS = NO;
				CLANG_CXX_LANGUAGE_STANDARD = "gnu++0x";
				CLANG_CXX_LIBRARY = "libc++";
				CLANG_ENABLE_OBJC_ARC = NO;
				CLANG_WARN_BOOL_CONVERSION = YES;
				CLANG_WARN_CONSTANT_CONVERSION = YES;
				CLANG_WARN_DIRECT_OBJC_ISA_USAGE = YES_ERROR;
				CLANG_WARN_EMPTY_BODY = YES;
				CLANG_WARN_ENUM_CONVERSION = YES;
				CLANG_WARN_INT_CONVERSION = YES;
				CLANG_WARN_OBJC_ROOT_CLASS = YES_ERROR;
				CLANG_WARN__DUPLICATE_METHOD_MATCH = YES;
				COPY_PHASE_STRIP = YES;
				DEBUG_INFORMATION_FORMAT = "dwarf-with-dsym";
				ENABLE_NS_ASSERTIONS = NO;
				GCC_C_LANGUAGE_STANDARD = gnu99;
				GCC_ENABLE_OBJC_EXCEPTIONS = YES;
				GCC_INLINES_ARE_PRIVATE_EXTERN = YES;
				GCC_WARN_64_TO_32_BIT_CONVERSION = YES;
				GCC_WARN_ABOUT_RETURN_TYPE = YES_ERROR;
				GCC_WARN_UNDECLARED_SELECTOR = YES;
				GCC_WARN_UNINITIALIZED_AUTOS = YES;
				GCC_WARN_UNUSED_FUNCTION = YES;
				GCC_WARN_UNUSED_VARIABLE = YES;
				MACOSX_DEPLOYMENT_TARGET = 10.8;
				ONLY_ACTIVE_ARCH = YES;
				SDKROOT = macosx;
				SYSTEM_HEADER_SEARCH_PATHS = ../../../dependencies/spine/include;
				USER_HEADER_SEARCH_PATHS = "../../../../oxygine-framework//oxygine/src ../../../..//SDL/include ../../../src";
				VALID_ARCHS = x86_64;
			};
			name = Release;
		};
		049B57601871FBE900EF3C66 /* Debug */ = {
			isa = XCBuildConfiguration;
			buildSettings = {
				ASSETCATALOG_COMPILER_APPICON_NAME = AppIcon;
				COMBINE_HIDPI_IMAGES = YES;
				GCC_PRECOMPILE_PREFIX_HEADER = YES;
				GCC_PREFIX_HEADER = "HelloSpine/HelloSpine_macosx-Prefix.pch";
				INFOPLIST_FILE = "HelloSpine_macosx-Info.plist";
				LIBRARY_SEARCH_PATHS = (
					"$(inherited)",
					"../../../../oxygine-framework//oxygine/third_party/macosx/libraries",
					"../../../../oxygine-framework//oxygine/third_party/ios/libraries",
				);
				PRODUCT_NAME = HelloSpine_macosx;
				WRAPPER_EXTENSION = app;
			};
			name = Debug;
		};
		049B57611871FBE900EF3C66 /* Release */ = {
			isa = XCBuildConfiguration;
			buildSettings = {
				ASSETCATALOG_COMPILER_APPICON_NAME = AppIcon;
				COMBINE_HIDPI_IMAGES = YES;
				GCC_PRECOMPILE_PREFIX_HEADER = YES;
				GCC_PREFIX_HEADER = "HelloSpine/HelloSpine_macosx-Prefix.pch";
				INFOPLIST_FILE = "HelloSpine_macosx-Info.plist";
				LIBRARY_SEARCH_PATHS = (
					"$(inherited)",
					"../../../../oxygine-framework//oxygine/third_party/macosx/libraries",
					"../../../../oxygine-framework//oxygine/third_party/ios/libraries",
				);
				PRODUCT_NAME = HelloSpine_macosx;
				WRAPPER_EXTENSION = app;
			};
			name = Release;
		};
/* End XCBuildConfiguration section */

/* Begin XCConfigurationList section */
		049B57291871FBE900EF3C66 /* Build configuration list for PBXProject "HelloSpine_macosx" */ = {
			isa = XCConfigurationList;
			buildConfigurations = (
				049B575D1871FBE900EF3C66 /* Debug */,
				049B575E1871FBE900EF3C66 /* Release */,
			);
			defaultConfigurationIsVisible = 0;
			defaultConfigurationName = Release;
		};
		049B575F1871FBE900EF3C66 /* Build configuration list for PBXNativeTarget "HelloSpine_macosx" */ = {
			isa = XCConfigurationList;
			buildConfigurations = (
				049B57601871FBE900EF3C66 /* Debug */,
				049B57611871FBE900EF3C66 /* Release */,
			);
			defaultConfigurationIsVisible = 0;
			defaultConfigurationName = Release;
		};
/* End XCConfigurationList section */
	};
	rootObject = 049B57261871FBE900EF3C66 /* Project object */;
}
